{
  "requires": true,
  "lockfileVersion": 1,
  "dependencies": {
    "ngx-cookie-service": {
      "version": "1.0.9",
      "resolved": "https://registry.npmjs.org/ngx-cookie-service/-/ngx-cookie-service-1.0.9.tgz",
      "integrity": "sha512-n4kTAZQr4EnnQLBaRPMjSmf98N/aLlYWknmbRunonJj9aMhpT1Nki6PfjBuRPl5DxT/9NMAVrQyvk66k/pJ0uQ=="
    }
  }
}
